
Microsoft Visual Studio Solution File, Format Version 12.00
# Visual Studio 2012
Project("{FAE04EC0-301F-11D3-BF4B-00C04F79EFBC}") = "Ignite", "Ignite\Ignite.csproj", "{EF772F39-AE03-40BA-8B41-6BFCCA6F8F85}"
EndProject
Project("{FAE04EC0-301F-11D3-BF4B-00C04F79EFBC}") = "Ignite.EmailScheduler", "Ignite.EmailScheduler\Ignite.EmailScheduler.csproj", "{63D079D7-3A39-4D92-A9B9-09C72EA4E645}"
EndProject
Project("{FAE04EC0-301F-11D3-BF4B-00C04F79EFBC}") = "IgniteWebAPI", "IgniteWebAPI\IgniteWebAPI.csproj", "{F8269AA5-A8AE-45BA-BA63-ED900730A319}"
EndProject
Global
	GlobalSection(SolutionConfigurationPlatforms) = preSolution
		Debug|Any CPU = Debug|Any CPU
		Release|Any CPU = Release|Any CPU
	EndGlobalSection
	GlobalSection(ProjectConfigurationPlatforms) = postSolution
		{EF772F39-AE03-40BA-8B41-6BFCCA6F8F85}.Debug|Any CPU.ActiveCfg = Debug|Any CPU
		{EF772F39-AE03-40BA-8B41-6BFCCA6F8F85}.Debug|Any CPU.Build.0 = Debug|Any CPU
		{EF772F39-AE03-40BA-8B41-6BFCCA6F8F85}.Release|Any CPU.ActiveCfg = Release|Any CPU
		{EF772F39-AE03-40BA-8B41-6BFCCA6F8F85}.Release|Any CPU.Build.0 = Release|Any CPU
		{63D079D7-3A39-4D92-A9B9-09C72EA4E645}.Debug|Any CPU.ActiveCfg = Debug|Any CPU
		{63D079D7-3A39-4D92-A9B9-09C72EA4E645}.Debug|Any CPU.Build.0 = Debug|Any CPU
		{63D079D7-3A39-4D92-A9B9-09C72EA4E645}.Release|Any CPU.ActiveCfg = Release|Any CPU
		{63D079D7-3A39-4D92-A9B9-09C72EA4E645}.Release|Any CPU.Build.0 = Release|Any CPU
		{F8269AA5-A8AE-45BA-BA63-ED900730A319}.Debug|Any CPU.ActiveCfg = Debug|Any CPU
		{F8269AA5-A8AE-45BA-BA63-ED900730A319}.Debug|Any CPU.Build.0 = Debug|Any CPU
		{F8269AA5-A8AE-45BA-BA63-ED900730A319}.Release|Any CPU.ActiveCfg = Release|Any CPU
		{F8269AA5-A8AE-45BA-BA63-ED900730A319}.Release|Any CPU.Build.0 = Release|Any CPU
	EndGlobalSection
	GlobalSection(SolutionProperties) = preSolution
		HideSolutionNode = FALSE
	EndGlobalSection
EndGlobal
